// !$*UTF8*$!
{
	archiveVersion = 1;
	classes = {
	};
	objectVersion = 50;
	objects = {

/* Begin PBXBuildFile section */
		421DB808242DA1A600611E97 /* AppDelegate.swift in Sources */ = {isa = PBXBuildFile; fileRef = 421DB807242DA1A600611E97 /* AppDelegate.swift */; };
		421DB80A242DA1A600611E97 /* SceneDelegate.swift in Sources */ = {isa = PBXBuildFile; fileRef = 421DB809242DA1A600611E97 /* SceneDelegate.swift */; };
		421DB80C242DA1A600611E97 /* ViewController.swift in Sources */ = {isa = PBXBuildFile; fileRef = 421DB80B242DA1A600611E97 /* ViewController.swift */; };
		421DB80F242DA1A600611E97 /* Main.storyboard in Resources */ = {isa = PBXBuildFile; fileRef = 421DB80D242DA1A600611E97 /* Main.storyboard */; };
		421DB811242DA1A700611E97 /* Assets.xcassets in Resources */ = {isa = PBXBuildFile; fileRef = 421DB810242DA1A700611E97 /* Assets.xcassets */; };
		421DB814242DA1A700611E97 /* LaunchScreen.storyboard in Resources */ = {isa = PBXBuildFile; fileRef = 421DB812242DA1A700611E97 /* LaunchScreen.storyboard */; };
		423F1AFC2432E7B000886F1E /* BigInt.swift in Sources */ = {isa = PBXBuildFile; fileRef = 423F1AFB2432E7B000886F1E /* BigInt.swift */; };
		42D511EF242EE706008D34F8 /* MadAppGang_TestTests.swift in Sources */ = {isa = PBXBuildFile; fileRef = 42D511EE242EE706008D34F8 /* MadAppGang_TestTests.swift */; };
/* End PBXBuildFile section */

/* Begin PBXContainerItemProxy section */
		42D511F1242EE706008D34F8 /* PBXContainerItemProxy */ = {
			isa = PBXContainerItemProxy;
			containerPortal = 421DB7FC242DA1A600611E97 /* Project object */;
			proxyType = 1;
			remoteGlobalIDString = 421DB803242DA1A600611E97;
			remoteInfo = "MadAppGang Test";
		};
/* End PBXContainerItemProxy section */

/* Begin PBXFileReference section */
		421DB804242DA1A600611E97 /* MadAppGang Test.app */ = {isa = PBXFileReference; explicitFileType = wrapper.application; includeInIndex = 0; path = "MadAppGang Test.app"; sourceTree = BUILT_PRODUCTS_DIR; };
		421DB807242DA1A600611E97 /* AppDelegate.swift */ = {isa = PBXFileReference; lastKnownFileType = sourcecode.swift; path = AppDelegate.swift; sourceTree = "<group>"; };
		421DB809242DA1A600611E97 /* SceneDelegate.swift */ = {isa = PBXFileReference; lastKnownFileType = sourcecode.swift; path = SceneDelegate.swift; sourceTree = "<group>"; };
		421DB80B242DA1A600611E97 /* ViewController.swift */ = {isa = PBXFileReference; lastKnownFileType = sourcecode.swift; path = ViewController.swift; sourceTree = "<group>"; };
		421DB80E242DA1A600611E97 /* Base */ = {isa = PBXFileReference; lastKnownFileType = file.storyboard; name = Base; path = Base.lproj/Main.storyboard; sourceTree = "<group>"; };
		421DB810242DA1A700611E97 /* Assets.xcassets */ = {isa = PBXFileReference; lastKnownFileType = folder.assetcatalog; path = Assets.xcassets; sourceTree = "<group>"; };
		421DB813242DA1A700611E97 /* Base */ = {isa = PBXFileReference; lastKnownFileType = file.storyboard; name = Base; path = Base.lproj/LaunchScreen.storyboard; sourceTree = "<group>"; };
		421DB815242DA1A700611E97 /* Info.plist */ = {isa = PBXFileReference; lastKnownFileType = text.plist.xml; path = Info.plist; sourceTree = "<group>"; };
		423F1AFB2432E7B000886F1E /* BigInt.swift */ = {isa = PBXFileReference; lastKnownFileType = sourcecode.swift; path = BigInt.swift; sourceTree = "<group>"; };
		42D511EC242EE706008D34F8 /* MadAppGang TestTests.xctest */ = {isa = PBXFileReference; explicitFileType = wrapper.cfbundle; includeInIndex = 0; path = "MadAppGang TestTests.xctest"; sourceTree = BUILT_PRODUCTS_DIR; };
		42D511EE242EE706008D34F8 /* MadAppGang_TestTests.swift */ = {isa = PBXFileReference; lastKnownFileType = sourcecode.swift; path = MadAppGang_TestTests.swift; sourceTree = "<group>"; };
		42D511F0242EE706008D34F8 /* Info.plist */ = {isa = PBXFileReference; lastKnownFileType = text.plist.xml; path = Info.plist; sourceTree = "<group>"; };
/* End PBXFileReference section */

/* Begin PBXFrameworksBuildPhase section */
		421DB801242DA1A600611E97 /* Frameworks */ = {
			isa = PBXFrameworksBuildPhase;
			buildActionMask = 2147483647;
			files = (
			);
			runOnlyForDeploymentPostprocessing = 0;
		};
		42D511E9242EE706008D34F8 /* Frameworks */ = {
			isa = PBXFrameworksBuildPhase;
			buildActionMask = 2147483647;
			files = (
			);
			runOnlyForDeploymentPostprocessing = 0;
		};
/* End PBXFrameworksBuildPhase section */

/* Begin PBXGroup section */
		421DB7FB242DA1A600611E97 = {
			isa = PBXGroup;
			children = (
				421DB806242DA1A600611E97 /* MadAppGang Test */,
				42D511ED242EE706008D34F8 /* MadAppGang TestTests */,
				421DB805242DA1A600611E97 /* Products */,
			);
			sourceTree = "<group>";
		};
		421DB805242DA1A600611E97 /* Products */ = {
			isa = PBXGroup;
			children = (
				421DB804242DA1A600611E97 /* MadAppGang Test.app */,
				42D511EC242EE706008D34F8 /* MadAppGang TestTests.xctest */,
			);
			name = Products;
			sourceTree = "<group>";
		};
		421DB806242DA1A600611E97 /* MadAppGang Test */ = {
			isa = PBXGroup;
			children = (
				421DB807242DA1A600611E97 /* AppDelegate.swift */,
				421DB809242DA1A600611E97 /* SceneDelegate.swift */,
				421DB80B242DA1A600611E97 /* ViewController.swift */,
				423F1AFB2432E7B000886F1E /* BigInt.swift */,
				421DB80D242DA1A600611E97 /* Main.storyboard */,
				421DB810242DA1A700611E97 /* Assets.xcassets */,
				421DB812242DA1A700611E97 /* LaunchScreen.storyboard */,
				421DB815242DA1A700611E97 /* Info.plist */,
			);
			path = "MadAppGang Test";
			sourceTree = "<group>";
		};
		42D511ED242EE706008D34F8 /* MadAppGang TestTests */ = {
			isa = PBXGroup;
			children = (
				42D511EE242EE706008D34F8 /* MadAppGang_TestTests.swift */,
				42D511F0242EE706008D34F8 /* Info.plist */,
			);
			path = "MadAppGang TestTests";
			sourceTree = "<group>";
		};
/* End PBXGroup section */

/* Begin PBXNativeTarget section */
		421DB803242DA1A600611E97 /* MadAppGang Test */ = {
			isa = PBXNativeTarget;
			buildConfigurationList = 421DB818242DA1A700611E97 /* Build configuration list for PBXNativeTarget "MadAppGang Test" */;
			buildPhases = (
				421DB800242DA1A600611E97 /* Sources */,
				421DB801242DA1A600611E97 /* Frameworks */,
				421DB802242DA1A600611E97 /* Resources */,
			);
			buildRules = (
			);
			dependencies = (
			);
			name = "MadAppGang Test";
			productName = "MadAppGang Test";
			productReference = 421DB804242DA1A600611E97 /* MadAppGang Test.app */;
			productType = "com.apple.product-type.application";
		};
		42D511EB242EE706008D34F8 /* MadAppGang TestTests */ = {
			isa = PBXNativeTarget;
			buildConfigurationList = 42D511F5242EE706008D34F8 /* Build configuration list for PBXNativeTarget "MadAppGang TestTests" */;
			buildPhases = (
				42D511E8242EE706008D34F8 /* Sources */,
				42D511E9242EE706008D34F8 /* Frameworks */,
				42D511EA242EE706008D34F8 /* Resources */,
			);
			buildRules = (
			);
			dependencies = (
				42D511F2242EE706008D34F8 /* PBXTargetDependency */,
			);
			name = "MadAppGang TestTests";
			productName = "MadAppGang TestTests";
			productReference = 42D511EC242EE706008D34F8 /* MadAppGang TestTests.xctest */;
			productType = "com.apple.product-type.bundle.unit-test";
		};
/* End PBXNativeTarget section */

/* Begin PBXProject section */
		421DB7FC242DA1A600611E97 /* Project object */ = {
			isa = PBXProject;
			attributes = {
				LastSwiftUpdateCheck = 1130;
				LastUpgradeCheck = 1130;
				ORGANIZATIONNAME = "Roma&Co";
				TargetAttributes = {
					421DB803242DA1A600611E97 = {
						CreatedOnToolsVersion = 11.3.1;
					};
					42D511EB242EE706008D34F8 = {
						CreatedOnToolsVersion = 11.3.1;
						TestTargetID = 421DB803242DA1A600611E97;
					};
				};
			};
			buildConfigurationList = 421DB7FF242DA1A600611E97 /* Build configuration list for PBXProject "MadAppGang Test" */;
			compatibilityVersion = "Xcode 9.3";
			developmentRegion = en;
			hasScannedForEncodings = 0;
			knownRegions = (
				en,
				Base,
			);
			mainGroup = 421DB7FB242DA1A600611E97;
			productRefGroup = 421DB805242DA1A600611E97 /* Products */;
			projectDirPath = "";
			projectRoot = "";
			targets = (
				421DB803242DA1A600611E97 /* MadAppGang Test */,
				42D511EB242EE706008D34F8 /* MadAppGang TestTests */,
			);
		};
/* End PBXProject section */

/* Begin PBXResourcesBuildPhase section */
		421DB802242DA1A600611E97 /* Resources */ = {
			isa = PBXResourcesBuildPhase;
			buildActionMask = 2147483647;
			files = (
				421DB814242DA1A700611E97 /* LaunchScreen.storyboard in Resources */,
				421DB811242DA1A700611E97 /* Assets.xcassets in Resources */,
				421DB80F242DA1A600611E97 /* Main.storyboard in Resources */,
			);
			runOnlyForDeploymentPostprocessing = 0;
		};
		42D511EA242EE706008D34F8 /* Resources */ = {
			isa = PBXResourcesBuildPhase;
			buildActionMask = 2147483647;
			files = (
			);
			runOnlyForDeploymentPostprocessing = 0;
		};
/* End PBXResourcesBuildPhase section */

/* Begin PBXSourcesBuildPhase section */
		421DB800242DA1A600611E97 /* Sources */ = {
			isa = PBXSourcesBuildPhase;
			buildActionMask = 2147483647;
			files = (
				423F1AFC2432E7B000886F1E /* BigInt.swift in Sources */,
				421DB80C242DA1A600611E97 /* ViewController.swift in Sources */,
				421DB808242DA1A600611E97 /* AppDelegate.swift in Sources */,
				421DB80A242DA1A600611E97 /* SceneDelegate.swift in Sources */,
			);
			runOnlyForDeploymentPostprocessing = 0;
		};
		42D511E8242EE706008D34F8 /* Sources */ = {
			isa = PBXSourcesBuildPhase;
			buildActionMask = 2147483647;
			files = (
				42D511EF242EE706008D34F8 /* MadAppGang_TestTests.swift in Sources */,
			);
			runOnlyForDeploymentPostprocessing = 0;
		};
/* End PBXSourcesBuildPhase section */

/* Begin PBXTargetDependency section */
		42D511F2242EE706008D34F8 /* PBXTargetDependency */ = {
			isa = PBXTargetDependency;
			target = 421DB803242DA1A600611E97 /* MadAppGang Test */;
			targetProxy = 42D511F1242EE706008D34F8 /* PBXContainerItemProxy */;
		};
/* End PBXTargetDependency section */

/* Begin PBXVariantGroup section */
		421DB80D242DA1A600611E97 /* Main.storyboard */ = {
			isa = PBXVariantGroup;
			children = (
				421DB80E242DA1A600611E97 /* Base */,
			);
			name = Main.storyboard;
			sourceTree = "<group>";
		};
		421DB812242DA1A700611E97 /* LaunchScreen.storyboard */ = {
			isa = PBXVariantGroup;
			children = (
				421DB813242DA1A700611E97 /* Base */,
			);
			name = LaunchScreen.storyboard;
			sourceTree = "<group>";
		};
/* End PBXVariantGroup section */

/* Begin XCBuildConfiguration section */
		421DB816242DA1A700611E97 /* Debug */ = {
			isa = XCBuildConfiguration;
			buildSettings = {
				ALWAYS_SEARCH_USER_PATHS = NO;
				CLANG_ANALYZER_NONNULL = YES;
				CLANG_ANALYZER_NUMBER_OBJECT_CONVERSION = YES_AGGRESSIVE;
				CLANG_CXX_LANGUAGE_STANDARD = "gnu++14";
				CLANG_CXX_LIBRARY = "libc++";
				CLANG_ENABLE_MODULES = YES;
				CLANG_ENABLE_OBJC_ARC = YES;
				CLANG_ENABLE_OBJC_WEAK = YES;
				CLANG_WARN_BLOCK_CAPTURE_AUTORELEASING = YES;
				CLANG_WARN_BOOL_CONVERSION = YES;
				CLANG_WARN_COMMA = YES;
				CLANG_WARN_CONSTANT_CONVERSION = YES;
				CLANG_WARN_DEPRECATED_OBJC_IMPLEMENTATIONS = YES;
				CLANG_WARN_DIRECT_OBJC_ISA_USAGE = YES_ERROR;
				CLANG_WARN_DOCUMENTATION_COMMENTS = YES;
				CLANG_WARN_EMPTY_BODY = YES;
				CLANG_WARN_ENUM_CONVERSION = YES;
				CLANG_WARN_INFINITE_RECURSION = YES;
				CLANG_WARN_INT_CONVERSION = YES;
				CLANG_WARN_NON_LITERAL_NULL_CONVERSION = YES;
				CLANG_WARN_OBJC_IMPLICIT_RETAIN_SELF = YES;
				CLANG_WARN_OBJC_LITERAL_CONVERSION = YES;
				CLANG_WARN_OBJC_ROOT_CLASS = YES_ERROR;
				CLANG_WARN_RANGE_LOOP_ANALYSIS = YES;
				CLANG_WARN_STRICT_PROTOTYPES = YES;
				CLANG_WARN_SUSPICIOUS_MOVE = YES;
				CLANG_WARN_UNGUARDED_AVAILABILITY = YES_AGGRESSIVE;
				CLANG_WARN_UNREACHABLE_CODE = YES;
				CLANG_WARN__DUPLICATE_METHOD_MATCH = YES;
				COPY_PHASE_STRIP = NO;
				DEBUG_INFORMATION_FORMAT = dwarf;
				ENABLE_STRICT_OBJC_MSGSEND = YES;
				ENABLE_TESTABILITY = YES;
				GCC_C_LANGUAGE_STANDARD = gnu11;
				GCC_DYNAMIC_NO_PIC = NO;
				GCC_NO_COMMON_BLOCKS = YES;
				GCC_OPTIMIZATION_LEVEL = 0;
				GCC_PREPROCESSOR_DEFINITIONS = (
					"DEBUG=1",
					"$(inherited)",
				);
				GCC_WARN_64_TO_32_BIT_CONVERSION = YES;
				GCC_WARN_ABOUT_RETURN_TYPE = YES_ERROR;
				GCC_WARN_UNDECLARED_SELECTOR = YES;
				GCC_WARN_UNINITIALIZED_AUTOS = YES_AGGRESSIVE;
				GCC_WARN_UNUSED_FUNCTION = YES;
				GCC_WARN_UNUSED_VARIABLE = YES;
				IPHONEOS_DEPLOYMENT_TARGET = 13.2;
				MTL_ENABLE_DEBUG_INFO = INCLUDE_SOURCE;
				MTL_FAST_MATH = YES;
				ONLY_ACTIVE_ARCH = YES;
				SDKROOT = iphoneos;
				SWIFT_ACTIVE_COMPILATION_CONDITIONS = DEBUG;
				SWIFT_OPTIMIZATION_LEVEL = "-Onone";
			};
			name = Debug;
		};
		421DB817242DA1A700611E97 /* Release */ = {
			isa = XCBuildConfiguration;
			buildSettings = {
				ALWAYS_SEARCH_USER_PATHS = NO;
				CLANG_ANALYZER_NONNULL = YES;
				CLANG_ANALYZER_NUMBER_OBJECT_CONVERSION = YES_AGGRESSIVE;
				CLANG_CXX_LANGUAGE_STANDARD = "gnu++14";
				CLANG_CXX_LIBRARY = "libc++";
				CLANG_ENABLE_MODULES = YES;
				CLANG_ENABLE_OBJC_ARC = YES;
				CLANG_ENABLE_OBJC_WEAK = YES;
				CLANG_WARN_BLOCK_CAPTURE_AUTORELEASING = YES;
				CLANG_WARN_BOOL_CONVERSION = YES;
				CLANG_WARN_COMMA = YES;
				CLANG_WARN_CONSTANT_CONVERSION = YES;
				CLANG_WARN_DEPRECATED_OBJC_IMPLEMENTATIONS = YES;
				CLANG_WARN_DIRECT_OBJC_ISA_USAGE = YES_ERROR;
				CLANG_WARN_DOCUMENTATION_COMMENTS = YES;
				CLANG_WARN_EMPTY_BODY = YES;
				CLANG_WARN_ENUM_CONVERSION = YES;
				CLANG_WARN_INFINITE_RECURSION = YES;
				CLANG_WARN_INT_CONVERSION = YES;
				CLANG_WARN_NON_LITERAL_NULL_CONVERSION = YES;
				CLANG_WARN_OBJC_IMPLICIT_RETAIN_SELF = YES;
				CLANG_WARN_OBJC_LITERAL_CONVERSION = YES;
				CLANG_WARN_OBJC_ROOT_CLASS = YES_ERROR;
				CLANG_WARN_RANGE_LOOP_ANALYSIS = YES;
				CLANG_WARN_STRICT_PROTOTYPES = YES;
				CLANG_WARN_SUSPICIOUS_MOVE = YES;
				CLANG_WARN_UNGUARDED_AVAILABILITY = YES_AGGRESSIVE;
				CLANG_WARN_UNREACHABLE_CODE = YES;
				CLANG_WARN__DUPLICATE_METHOD_MATCH = YES;
				COPY_PHASE_STRIP = NO;
				DEBUG_INFORMATION_FORMAT = "dwarf-with-dsym";
				ENABLE_NS_ASSERTIONS = NO;
				ENABLE_STRICT_OBJC_MSGSEND = YES;
				GCC_C_LANGUAGE_STANDARD = gnu11;
				GCC_NO_COMMON_BLOCKS = YES;
				GCC_WARN_64_TO_32_BIT_CONVERSION = YES;
				GCC_WARN_ABOUT_RETURN_TYPE = YES_ERROR;
				GCC_WARN_UNDECLARED_SELECTOR = YES;
				GCC_WARN_UNINITIALIZED_AUTOS = YES_AGGRESSIVE;
				GCC_WARN_UNUSED_FUNCTION = YES;
				GCC_WARN_UNUSED_VARIABLE = YES;
				IPHONEOS_DEPLOYMENT_TARGET = 13.2;
				MTL_ENABLE_DEBUG_INFO = NO;
				MTL_FAST_MATH = YES;
				SDKROOT = iphoneos;
				SWIFT_COMPILATION_MODE = wholemodule;
				SWIFT_OPTIMIZATION_LEVEL = "-O";
				VALIDATE_PRODUCT = YES;
			};
			name = Release;
		};
		421DB819242DA1A700611E97 /* Debug */ = {
			isa = XCBuildConfiguration;
			buildSettings = {
				ASSETCATALOG_COMPILER_APPICON_NAME = AppIcon;
				CODE_SIGN_STYLE = Automatic;
				DEVELOPMENT_TEAM = 3QLK5LJV6W;
				INFOPLIST_FILE = "MadAppGang Test/Info.plist";
				LD_RUNPATH_SEARCH_PATHS = (
					"$(inherited)",
					"@executable_path/Frameworks",
				);
				PRODUCT_BUNDLE_IDENTIFIER = "com.Roma-Co.MadAppGang-Test";
				PRODUCT_NAME = "$(TARGET_NAME)";
				SWIFT_VERSION = 5.0;
				TARGETED_DEVICE_FAMILY = "1,2";
			};
			name = Debug;
		};
		421DB81A242DA1A700611E97 /* Release */ = {
			isa = XCBuildConfiguration;
			buildSettings = {
				ASSETCATALOG_COMPILER_APPICON_NAME = AppIcon;
				CODE_SIGN_STYLE = Automatic;
				DEVELOPMENT_TEAM = 3QLK5LJV6W;
				INFOPLIST_FILE = "MadAppGang Test/Info.plist";
				LD_RUNPATH_SEARCH_PATHS = (
					"$(inherited)",
					"@executable_path/Frameworks",
				);
				PRODUCT_BUNDLE_IDENTIFIER = "com.Roma-Co.MadAppGang-Test";
				PRODUCT_NAME = "$(TARGET_NAME)";
				SWIFT_VERSION = 5.0;
				TARGETED_DEVICE_FAMILY = "1,2";
			};
			name = Release;
		};
		42D511F3242EE706008D34F8 /* Debug */ = {
			isa = XCBuildConfiguration;
			buildSettings = {
				BUNDLE_LOADER = "$(TEST_HOST)";
				CODE_SIGN_STYLE = Automatic;
				DEVELOPMENT_TEAM = 3QLK5LJV6W;
				INFOPLIST_FILE = "MadAppGang TestTests/Info.plist";
				LD_RUNPATH_SEARCH_PATHS = (
					"$(inherited)",
					"@executable_path/Frameworks",
					"@loader_path/Frameworks",
				);
				PRODUCT_BUNDLE_IDENTIFIER = "com.Roma-Co.MadAppGang-TestTests";
				PRODUCT_NAME = "$(TARGET_NAME)";
				SWIFT_VERSION = 5.0;
				TARGETED_DEVICE_FAMILY = "1,2";
				TEST_HOST = "$(BUILT_PRODUCTS_DIR)/MadAppGang Test.app/MadAppGang Test";
			};
			name = Debug;
		};
		42D511F4242EE706008D34F8 /* Release */ = {
			isa = XCBuildConfiguration;
			buildSettings = {
				BUNDLE_LOADER = "$(TEST_HOST)";
				CODE_SIGN_STYLE = Automatic;
				DEVELOPMENT_TEAM = 3QLK5LJV6W;
				INFOPLIST_FILE = "MadAppGang TestTests/Info.plist";
				LD_RUNPATH_SEARCH_PATHS = (
					"$(inherited)",
					"@executable_path/Frameworks",
					"@loader_path/Frameworks",
				);
				PRODUCT_BUNDLE_IDENTIFIER = "com.Roma-Co.MadAppGang-TestTests";
				PRODUCT_NAME = "$(TARGET_NAME)";
				SWIFT_VERSION = 5.0;
				TARGETED_DEVICE_FAMILY = "1,2";
				TEST_HOST = "$(BUILT_PRODUCTS_DIR)/MadAppGang Test.app/MadAppGang Test";
			};
			name = Release;
		};
/* End XCBuildConfiguration section */

/* Begin XCConfigurationList section */
		421DB7FF242DA1A600611E97 /* Build configuration list for PBXProject "MadAppGang Test" */ = {
			isa = XCConfigurationList;
			buildConfigurations = (
				421DB816242DA1A700611E97 /* Debug */,
				421DB817242DA1A700611E97 /* Release */,
			);
			defaultConfigurationIsVisible = 0;
			defaultConfigurationName = Release;
		};
		421DB818242DA1A700611E97 /* Build configuration list for PBXNativeTarget "MadAppGang Test" */ = {
			isa = XCConfigurationList;
			buildConfigurations = (
				421DB819242DA1A700611E97 /* Debug */,
				421DB81A242DA1A700611E97 /* Release */,
			);
			defaultConfigurationIsVisible = 0;
			defaultConfigurationName = Release;
		};
		42D511F5242EE706008D34F8 /* Build configuration list for PBXNativeTarget "MadAppGang TestTests" */ = {
			isa = XCConfigurationList;
			buildConfigurations = (
				42D511F3242EE706008D34F8 /* Debug */,
				42D511F4242EE706008D34F8 /* Release */,
			);
			defaultConfigurationIsVisible = 0;
			defaultConfigurationName = Release;
		};
/* End XCConfigurationList section */
	};
	rootObject = 421DB7FC242DA1A600611E97 /* Project object */;
}
